
Microsoft Visual Studio Solution File, Format Version 12.00
# Visual Studio Version 16
VisualStudioVersion = 16.0.30804.86
MinimumVisualStudioVersion = 10.0.40219.1
Project("{8BC9CEB8-8B4A-11D0-8D11-00A0C91BC942}") = "ConsoleApplication2", "ConsoleApplication2\ConsoleApplication2.vcxproj", "{EBEA7043-7241-4530-A325-0DFBD326C523}"
EndProject
Global
	GlobalSection(SolutionConfigurationPlatforms) = preSolution
		Debug|x64 = Debug|x64
		Debug|x86 = Debug|x86
		Release|x64 = Release|x64
		Release|x86 = Release|x86
	EndGlobalSection
	GlobalSection(ProjectConfigurationPlatforms) = postSolution
		{EBEA7043-7241-4530-A325-0DFBD326C523}.Debug|x64.ActiveCfg = Debug|x64
		{EBEA7043-7241-4530-A325-0DFBD326C523}.Debug|x64.Build.0 = Debug|x64
		{EBEA7043-7241-4530-A325-0DFBD326C523}.Debug|x86.ActiveCfg = Debug|Win32
		{EBEA7043-7241-4530-A325-0DFBD326C523}.Debug|x86.Build.0 = Debug|Win32
		{EBEA7043-7241-4530-A325-0DFBD326C523}.Release|x64.ActiveCfg = Release|x64
		{EBEA7043-7241-4530-A325-0DFBD326C523}.Release|x64.Build.0 = Release|x64
		{EBEA7043-7241-4530-A325-0DFBD326C523}.Release|x86.ActiveCfg = Release|Win32
		{EBEA7043-7241-4530-A325-0DFBD326C523}.Release|x86.Build.0 = Release|Win32
	EndGlobalSection
	GlobalSection(SolutionProperties) = preSolution
		HideSolutionNode = FALSE
	EndGlobalSection
	GlobalSection(ExtensibilityGlobals) = postSolution
		SolutionGuid = {B7A417F8-EE02-4813-B265-1C5E6665E005}
	EndGlobalSection
EndGlobal
